<?xml version="1.0" encoding="utf-8"?>
<Project ToolsVersion="4.0" xmlns="http://schemas.microsoft.com/developer/msbuild/2003">
  <ItemGroup>
    <Filter Include="include">
      <UniqueIdentifier>{c2ca1c1e-73b5-4e9a-8494-1792de8824cd}</UniqueIdentifier>
    </Filter>
    <Filter Include="example">
      <UniqueIdentifier>{15b45bd5-7f55-484a-9e97-3cbd3e2777c7}</UniqueIdentifier>
    </Filter>
  </ItemGroup>
  <ItemGroup>
    <ClInclude Include="include\ntarc.h">
      <Filter>include</Filter>
    </ClInclude>
  </ItemGroup>
  <ItemGroup>
    <ClCompile Include="example\main.c">
      <Filter>example</Filter>
    </ClCompile>
  </ItemGroup>
</Project>