<?xml version="1.0" encoding="utf-8"?>
<Project ToolsVersion="4.0" xmlns="http://schemas.microsoft.com/developer/msbuild/2003">
  <ItemGroup>
    <Filter Include="include">
      <UniqueIdentifier>{d71fd325-0f0c-47f3-8f38-1466cdefbd4e}</UniqueIdentifier>
    </Filter>
    <Filter Include="example">
      <UniqueIdentifier>{585bba5c-ba0e-4fcf-8108-805190f07f70}</UniqueIdentifier>
    </Filter>
  </ItemGroup>
  <ItemGroup>
    <ClInclude Include="include\ntringb.h">
      <Filter>include</Filter>
    </ClInclude>
  </ItemGroup>
  <ItemGroup>
    <ClCompile Include="example\main.c">
      <Filter>example</Filter>
    </ClCompile>
  </ItemGroup>
</Project>